
Microsoft Visual Studio Solution File, Format Version 12.00
# Visual Studio Version 17
VisualStudioVersion = 17.12.35521.163 d17.12
MinimumVisualStudioVersion = 10.0.40219.1
Project("{FAE04EC0-301F-11D3-BF4B-00C04F79EFBC}") = "TaskManagementSystem.API", "TaskManagementSystem.API\TaskManagementSystem.API.csproj", "{1F424E8F-FA3F-4C71-819A-AB5356A938F5}"
EndProject
Project("{FAE04EC0-301F-11D3-BF4B-00C04F79EFBC}") = "TaskManagementSystem.EF", "TaskManagementSystem.EF\TaskManagementSystem.EF.csproj", "{C1E3E20D-F0A8-4BD2-9EDB-529223249920}"
EndProject
Project("{FAE04EC0-301F-11D3-BF4B-00C04F79EFBC}") = "TaskManagementSystem.Core", "TaskManagementSystem.Core\TaskManagementSystem.Core.csproj", "{8E18C0C6-C105-4573-BDFE-D98A07A086CE}"
EndProject
Global
	GlobalSection(SolutionConfigurationPlatforms) = preSolution
		Debug|Any CPU = Debug|Any CPU
		Release|Any CPU = Release|Any CPU
	EndGlobalSection
	GlobalSection(ProjectConfigurationPlatforms) = postSolution
		{1F424E8F-FA3F-4C71-819A-AB5356A938F5}.Debug|Any CPU.ActiveCfg = Debug|Any CPU
		{1F424E8F-FA3F-4C71-819A-AB5356A938F5}.Debug|Any CPU.Build.0 = Debug|Any CPU
		{1F424E8F-FA3F-4C71-819A-AB5356A938F5}.Release|Any CPU.ActiveCfg = Release|Any CPU
		{1F424E8F-FA3F-4C71-819A-AB5356A938F5}.Release|Any CPU.Build.0 = Release|Any CPU
		{C1E3E20D-F0A8-4BD2-9EDB-529223249920}.Debug|Any CPU.ActiveCfg = Debug|Any CPU
		{C1E3E20D-F0A8-4BD2-9EDB-529223249920}.Debug|Any CPU.Build.0 = Debug|Any CPU
		{C1E3E20D-F0A8-4BD2-9EDB-529223249920}.Release|Any CPU.ActiveCfg = Release|Any CPU
		{C1E3E20D-F0A8-4BD2-9EDB-529223249920}.Release|Any CPU.Build.0 = Release|Any CPU
		{8E18C0C6-C105-4573-BDFE-D98A07A086CE}.Debug|Any CPU.ActiveCfg = Debug|Any CPU
		{8E18C0C6-C105-4573-BDFE-D98A07A086CE}.Debug|Any CPU.Build.0 = Debug|Any CPU
		{8E18C0C6-C105-4573-BDFE-D98A07A086CE}.Release|Any CPU.ActiveCfg = Release|Any CPU
		{8E18C0C6-C105-4573-BDFE-D98A07A086CE}.Release|Any CPU.Build.0 = Release|Any CPU
	EndGlobalSection
	GlobalSection(SolutionProperties) = preSolution
		HideSolutionNode = FALSE
	EndGlobalSection
EndGlobal
